hash: 1f1917967964e3e58e1beb7b5aca9cda13651798d838dfe279791418e45b9a75
updated: 2016-05-17T09:30:40.004329726-06:00
imports:
- name: github.com/asaskevich/govalidator
  version: edd46cdac249b001c7b7d88c6d43993ea875e8d8
- name: github.com/bgentry/speakeasy
  version: 36e9cfdd690967f4f690c6edcc9ffacd006014a0
- name: github.com/blang/semver
  version: aea32c919a18e5ef4537bbd283ff29594b1b0165
- name: github.com/brosner/go-json-spec-handler
  version: 51b90d2573b8e3036fe76f1659efc90ed4e3345b
- name: github.com/golang/protobuf
  version: 7cc19b78d562895b13596ddce7aafb59dd789318
  subpackages:
  - proto
- name: github.com/inconshreveable/mousetrap
  version: 76626ae9c91c4f2a10f34cad8ce83ea42c93bb75
- name: github.com/kelproject/kel
  version: f0f08819991e08bca50308073e8c378e2bcf29d8
  subpackages:
  - cmd
- name: github.com/kelproject/kel-go
  version: 6b333447edb7860ea0f56d1a8e6b52a34978e4a4
- name: github.com/mgutz/ansi
  version: c286dcecd19ff979eeb73ea444e479b903f2cfcb
- name: github.com/spf13/cobra
  version: 0f866a6211e33cde2091d9290c08f6afd6c9ebbc
- name: github.com/spf13/pflag
  version: cb88ea77998c3f024757528e3305022ab50b43be
- name: github.com/spf13/viper
  version: d8a428b8a30606e1d0b355d91edf282609ade1a6
- name: golang.org/x/net
  version: ef00b378c73f107bf44d5c9b69875255ce89b79a
  subpackages:
  - context
- name: golang.org/x/oauth2
  version: e86e2718db89775a4604abc10a5d3a5672e7336e
  subpackages:
  - internal
- name: google.golang.org/appengine
  version: e234e71924d4aa52444bc76f2f831f13fa1eca60
  subpackages:
  - urlfetch
  - internal
  - internal/urlfetch
  - internal/base
  - internal/datastore
  - internal/log
  - internal/remote_api
devImports: []
